
Microsoft Visual Studio Solution File, Format Version 12.00
# Visual Studio 15
VisualStudioVersion = 15.0.27703.2026
MinimumVisualStudioVersion = 10.0.40219.1
Project("{8BC9CEB8-8B4A-11D0-8D11-00A0C91BC942}") = "Sandbox", "Sandbox\Sandbox.vcxproj", "{D56D8CD9-BEE9-4436-95B0-1C45165058D1}"
EndProject
Project("{8BC9CEB8-8B4A-11D0-8D11-00A0C91BC942}") = "HazelByFelix", "HazelByFelix\HazelByFelix.vcxproj", "{75ACEBC4-28BF-438A-8F1F-7256C977D474}"
EndProject
Global
	GlobalSection(SolutionConfigurationPlatforms) = preSolution
		Debug|x64 = Debug|x64
		Release|x64 = Release|x64
	EndGlobalSection
	GlobalSection(ProjectConfigurationPlatforms) = postSolution
		{75ACEBC4-28BF-438A-8F1F-7256C977D474}.Debug|x64.ActiveCfg = Debug|x64
		{75ACEBC4-28BF-438A-8F1F-7256C977D474}.Debug|x64.Build.0 = Debug|x64
		{75ACEBC4-28BF-438A-8F1F-7256C977D474}.Release|x64.ActiveCfg = Release|x64
		{75ACEBC4-28BF-438A-8F1F-7256C977D474}.Release|x64.Build.0 = Release|x64
		{D56D8CD9-BEE9-4436-95B0-1C45165058D1}.Debug|x64.ActiveCfg = Debug|x64
		{D56D8CD9-BEE9-4436-95B0-1C45165058D1}.Debug|x64.Build.0 = Debug|x64
		{D56D8CD9-BEE9-4436-95B0-1C45165058D1}.Release|x64.ActiveCfg = Release|x64
		{D56D8CD9-BEE9-4436-95B0-1C45165058D1}.Release|x64.Build.0 = Release|x64
	EndGlobalSection
	GlobalSection(SolutionProperties) = preSolution
		HideSolutionNode = FALSE
	EndGlobalSection
	GlobalSection(ExtensibilityGlobals) = postSolution
		SolutionGuid = {DDBC1E97-EB11-4B88-8ECC-FEFA707BC786}
	EndGlobalSection
EndGlobal
